
Microsoft Visual Studio Solution File, Format Version 12.00
# Visual Studio Version 17
VisualStudioVersion = 17.3.32922.545
MinimumVisualStudioVersion = 10.0.40219.1
Project("{9A19103F-16F7-4668-BE54-9A1E7A4F7556}") = "WebApplication5", "WebApplication5.csproj", "{A07D650B-D466-43CE-B8A3-4D52F1E1EA7B}"
EndProject
Project("{E53339B2-1760-4266-BCC7-CA923CBCF16C}") = "docker-compose", "docker-compose.dcproj", "{56661A23-1B8A-49D6-992D-A96170C044D9}"
EndProject
Global
	GlobalSection(SolutionConfigurationPlatforms) = preSolution
		Debug|Any CPU = Debug|Any CPU
		Release|Any CPU = Release|Any CPU
	EndGlobalSection
	GlobalSection(ProjectConfigurationPlatforms) = postSolution
		{A07D650B-D466-43CE-B8A3-4D52F1E1EA7B}.Debug|Any CPU.ActiveCfg = Debug|Any CPU
		{A07D650B-D466-43CE-B8A3-4D52F1E1EA7B}.Debug|Any CPU.Build.0 = Debug|Any CPU
		{A07D650B-D466-43CE-B8A3-4D52F1E1EA7B}.Release|Any CPU.ActiveCfg = Release|Any CPU
		{A07D650B-D466-43CE-B8A3-4D52F1E1EA7B}.Release|Any CPU.Build.0 = Release|Any CPU
		{56661A23-1B8A-49D6-992D-A96170C044D9}.Debug|Any CPU.ActiveCfg = Debug|Any CPU
		{56661A23-1B8A-49D6-992D-A96170C044D9}.Debug|Any CPU.Build.0 = Debug|Any CPU
		{56661A23-1B8A-49D6-992D-A96170C044D9}.Release|Any CPU.ActiveCfg = Release|Any CPU
		{56661A23-1B8A-49D6-992D-A96170C044D9}.Release|Any CPU.Build.0 = Release|Any CPU
	EndGlobalSection
	GlobalSection(SolutionProperties) = preSolution
		HideSolutionNode = FALSE
	EndGlobalSection
	GlobalSection(ExtensibilityGlobals) = postSolution
		SolutionGuid = {00216E33-2CDC-4DCE-A5C4-25DE94C9B205}
	EndGlobalSection
EndGlobal
